
Microsoft Visual Studio Solution File, Format Version 12.00
# Visual Studio Version 16
VisualStudioVersion = 16.0.29311.281
MinimumVisualStudioVersion = 10.0.40219.1
Project("{9A19103F-16F7-4668-BE54-9A1E7A4F7556}") = "BookAPI", "BookAPI\BookAPI.csproj", "{9F23CBEF-7897-4C77-87A8-B1135175B6E4}"
EndProject
Project("{9A19103F-16F7-4668-BE54-9A1E7A4F7556}") = "BookGUI", "BookGUI\BookGUI.csproj", "{FC8DC427-D04E-4131-8872-12B8BC1B4D30}"
EndProject
Project("{E53339B2-1760-4266-BCC7-CA923CBCF16C}") = "docker-compose", "docker-compose.dcproj", "{E8EA4FBC-94FA-49E5-B280-7F14AD4ACDE5}"
EndProject
Global
	GlobalSection(SolutionConfigurationPlatforms) = preSolution
		Debug|Any CPU = Debug|Any CPU
		Release|Any CPU = Release|Any CPU
	EndGlobalSection
	GlobalSection(ProjectConfigurationPlatforms) = postSolution
		{9F23CBEF-7897-4C77-87A8-B1135175B6E4}.Debug|Any CPU.ActiveCfg = Debug|Any CPU
		{9F23CBEF-7897-4C77-87A8-B1135175B6E4}.Debug|Any CPU.Build.0 = Debug|Any CPU
		{9F23CBEF-7897-4C77-87A8-B1135175B6E4}.Release|Any CPU.ActiveCfg = Release|Any CPU
		{9F23CBEF-7897-4C77-87A8-B1135175B6E4}.Release|Any CPU.Build.0 = Release|Any CPU
		{FC8DC427-D04E-4131-8872-12B8BC1B4D30}.Debug|Any CPU.ActiveCfg = Debug|Any CPU
		{FC8DC427-D04E-4131-8872-12B8BC1B4D30}.Debug|Any CPU.Build.0 = Debug|Any CPU
		{FC8DC427-D04E-4131-8872-12B8BC1B4D30}.Release|Any CPU.ActiveCfg = Release|Any CPU
		{FC8DC427-D04E-4131-8872-12B8BC1B4D30}.Release|Any CPU.Build.0 = Release|Any CPU
		{E8EA4FBC-94FA-49E5-B280-7F14AD4ACDE5}.Debug|Any CPU.ActiveCfg = Debug|Any CPU
		{E8EA4FBC-94FA-49E5-B280-7F14AD4ACDE5}.Debug|Any CPU.Build.0 = Debug|Any CPU
		{E8EA4FBC-94FA-49E5-B280-7F14AD4ACDE5}.Release|Any CPU.ActiveCfg = Release|Any CPU
		{E8EA4FBC-94FA-49E5-B280-7F14AD4ACDE5}.Release|Any CPU.Build.0 = Release|Any CPU
	EndGlobalSection
	GlobalSection(SolutionProperties) = preSolution
		HideSolutionNode = FALSE
	EndGlobalSection
	GlobalSection(ExtensibilityGlobals) = postSolution
		SolutionGuid = {77F24E33-2BE7-4276-8704-A1B2AC886966}
	EndGlobalSection
EndGlobal
